
Microsoft Visual Studio Solution File, Format Version 12.00
# Visual Studio Version 17
VisualStudioVersion = 17.3.32929.385
MinimumVisualStudioVersion = 10.0.40219.1
Project("{8BC9CEB8-8B4A-11D0-8D11-00A0C91BC942}") = "Zhead_02", "Zhead_02.vcxproj", "{628A13A6-F8FD-42FF-893E-1C7ABE04BD91}"
EndProject
Global
	GlobalSection(SolutionConfigurationPlatforms) = preSolution
		Debug|x64 = Debug|x64
		Debug|x86 = Debug|x86
		Release|x64 = Release|x64
		Release|x86 = Release|x86
	EndGlobalSection
	GlobalSection(ProjectConfigurationPlatforms) = postSolution
		{628A13A6-F8FD-42FF-893E-1C7ABE04BD91}.Debug|x64.ActiveCfg = Debug|x64
		{628A13A6-F8FD-42FF-893E-1C7ABE04BD91}.Debug|x64.Build.0 = Debug|x64
		{628A13A6-F8FD-42FF-893E-1C7ABE04BD91}.Debug|x86.ActiveCfg = Debug|Win32
		{628A13A6-F8FD-42FF-893E-1C7ABE04BD91}.Debug|x86.Build.0 = Debug|Win32
		{628A13A6-F8FD-42FF-893E-1C7ABE04BD91}.Release|x64.ActiveCfg = Release|x64
		{628A13A6-F8FD-42FF-893E-1C7ABE04BD91}.Release|x64.Build.0 = Release|x64
		{628A13A6-F8FD-42FF-893E-1C7ABE04BD91}.Release|x86.ActiveCfg = Release|Win32
		{628A13A6-F8FD-42FF-893E-1C7ABE04BD91}.Release|x86.Build.0 = Release|Win32
	EndGlobalSection
	GlobalSection(SolutionProperties) = preSolution
		HideSolutionNode = FALSE
	EndGlobalSection
	GlobalSection(ExtensibilityGlobals) = postSolution
		SolutionGuid = {8BD69EF0-F731-438B-A522-BF2852C6EBA4}
	EndGlobalSection
EndGlobal
